// !$*UTF8*$!
{
	archiveVersion = 1;
	classes = {
	};
	objectVersion = 77;
	objects = {

/* Begin PBXBuildFile section */
		335BE6E22ED51D8E009F0F2F /* GoogleSignIn in Frameworks */ = {isa = PBXBuildFile; productRef = 335BE6E12ED51D8E009F0F2F /* GoogleSignIn */; };
		335BE6E42ED51D8E009F0F2F /* GoogleSignInSwift in Frameworks */ = {isa = PBXBuildFile; productRef = 335BE6E32ED51D8E009F0F2F /* GoogleSignInSwift */; };
		335BE6E72ED51DC7009F0F2F /* KeychainAccess in Frameworks */ = {isa = PBXBuildFile; productRef = 335BE6E62ED51DC7009F0F2F /* KeychainAccess */; };
		335BE6ED2ED51E73009F0F2F /* InlineSnapshotTesting in Frameworks */ = {isa = PBXBuildFile; productRef = 335BE6EC2ED51E73009F0F2F /* InlineSnapshotTesting */; };
		335BE6EF2ED51E73009F0F2F /* SnapshotTesting in Frameworks */ = {isa = PBXBuildFile; productRef = 335BE6EE2ED51E73009F0F2F /* SnapshotTesting */; };
		335BE6F12ED51E73009F0F2F /* SnapshotTestingCustomDump in Frameworks */ = {isa = PBXBuildFile; productRef = 335BE6F02ED51E73009F0F2F /* SnapshotTestingCustomDump */; };
		335BE6F82ED53ACB009F0F2F /* ViewInspector in Frameworks */ = {isa = PBXBuildFile; productRef = 335BE6F72ED53ACB009F0F2F /* ViewInspector */; };
		33B6798B2EEEFDE5006A5126 /* FirebaseMessaging in Frameworks */ = {isa = PBXBuildFile; productRef = 33B6798A2EEEFDE5006A5126 /* FirebaseMessaging */; };
/* End PBXBuildFile section */

/* Begin PBXContainerItemProxy section */
		334FF93D2ED5196F00C5EE18 /* PBXContainerItemProxy */ = {
			isa = PBXContainerItemProxy;
			containerPortal = 334FF9272ED5196D00C5EE18 /* Project object */;
			proxyType = 1;
			remoteGlobalIDString = 334FF92E2ED5196D00C5EE18;
			remoteInfo = GolfDads;
		};
		334FF9472ED5196F00C5EE18 /* PBXContainerItemProxy */ = {
			isa = PBXContainerItemProxy;
			containerPortal = 334FF9272ED5196D00C5EE18 /* Project object */;
			proxyType = 1;
			remoteGlobalIDString = 334FF92E2ED5196D00C5EE18;
			remoteInfo = GolfDads;
		};
/* End PBXContainerItemProxy section */

/* Begin PBXFileReference section */
		334FF92F2ED5196D00C5EE18 /* GolfDads.app */ = {isa = PBXFileReference; explicitFileType = wrapper.application; includeInIndex = 0; path = GolfDads.app; sourceTree = BUILT_PRODUCTS_DIR; };
		334FF93C2ED5196F00C5EE18 /* GolfDadsTests.xctest */ = {isa = PBXFileReference; explicitFileType = wrapper.cfbundle; includeInIndex = 0; path = GolfDadsTests.xctest; sourceTree = BUILT_PRODUCTS_DIR; };
		334FF9462ED5196F00C5EE18 /* GolfDadsUITests.xctest */ = {isa = PBXFileReference; explicitFileType = wrapper.cfbundle; includeInIndex = 0; path = GolfDadsUITests.xctest; sourceTree = BUILT_PRODUCTS_DIR; };
/* End PBXFileReference section */

/* Begin PBXFileSystemSynchronizedBuildFileExceptionSet section */
		335B5DA02EDE9EF800C7FD9C /* Exceptions for "GolfDads" folder in "GolfDads" target */ = {
			isa = PBXFileSystemSynchronizedBuildFileExceptionSet;
			membershipExceptions = (
				Info.plist,
			);
			target = 334FF92E2ED5196D00C5EE18 /* GolfDads */;
		};
/* End PBXFileSystemSynchronizedBuildFileExceptionSet section */

/* Begin PBXFileSystemSynchronizedRootGroup section */
		334FF9312ED5196D00C5EE18 /* GolfDads */ = {
			isa = PBXFileSystemSynchronizedRootGroup;
			exceptions = (
				335B5DA02EDE9EF800C7FD9C /* Exceptions for "GolfDads" folder in "GolfDads" target */,
			);
			path = GolfDads;
			sourceTree = "<group>";
		};
		334FF93F2ED5196F00C5EE18 /* GolfDadsTests */ = {
			isa = PBXFileSystemSynchronizedRootGroup;
			path = GolfDadsTests;
			sourceTree = "<group>";
		};
		334FF9492ED5196F00C5EE18 /* GolfDadsUITests */ = {
			isa = PBXFileSystemSynchronizedRootGroup;
			path = GolfDadsUITests;
			sourceTree = "<group>";
		};
/* End PBXFileSystemSynchronizedRootGroup section */

/* Begin PBXFrameworksBuildPhase section */
		334FF92C2ED5196D00C5EE18 /* Frameworks */ = {
			isa = PBXFrameworksBuildPhase;
			buildActionMask = 2147483647;
			files = (
				33B6798B2EEEFDE5006A5126 /* FirebaseMessaging in Frameworks */,
				335BE6E22ED51D8E009F0F2F /* GoogleSignIn in Frameworks */,
				335BE6E42ED51D8E009F0F2F /* GoogleSignInSwift in Frameworks */,
				335BE6E72ED51DC7009F0F2F /* KeychainAccess in Frameworks */,
			);
			runOnlyForDeploymentPostprocessing = 0;
		};
		334FF9392ED5196F00C5EE18 /* Frameworks */ = {
			isa = PBXFrameworksBuildPhase;
			buildActionMask = 2147483647;
			files = (
				335BE6F12ED51E73009F0F2F /* SnapshotTestingCustomDump in Frameworks */,
				335BE6ED2ED51E73009F0F2F /* InlineSnapshotTesting in Frameworks */,
				335BE6EF2ED51E73009F0F2F /* SnapshotTesting in Frameworks */,
				335BE6F82ED53ACB009F0F2F /* ViewInspector in Frameworks */,
			);
			runOnlyForDeploymentPostprocessing = 0;
		};
		334FF9432ED5196F00C5EE18 /* Frameworks */ = {
			isa = PBXFrameworksBuildPhase;
			buildActionMask = 2147483647;
			files = (
			);
			runOnlyForDeploymentPostprocessing = 0;
		};
/* End PBXFrameworksBuildPhase section */

/* Begin PBXGroup section */
		334FF9262ED5196D00C5EE18 = {
			isa = PBXGroup;
			children = (
				334FF9312ED5196D00C5EE18 /* GolfDads */,
				334FF93F2ED5196F00C5EE18 /* GolfDadsTests */,
				334FF9492ED5196F00C5EE18 /* GolfDadsUITests */,
				334FF9302ED5196D00C5EE18 /* Products */,
			);
			sourceTree = "<group>";
		};
		334FF9302ED5196D00C5EE18 /* Products */ = {
			isa = PBXGroup;
			children = (
				334FF92F2ED5196D00C5EE18 /* GolfDads.app */,
				334FF93C2ED5196F00C5EE18 /* GolfDadsTests.xctest */,
				334FF9462ED5196F00C5EE18 /* GolfDadsUITests.xctest */,
			);
			name = Products;
			sourceTree = "<group>";
		};
/* End PBXGroup section */

/* Begin PBXNativeTarget section */
		334FF92E2ED5196D00C5EE18 /* GolfDads */ = {
			isa = PBXNativeTarget;
			buildConfigurationList = 334FF9502ED5196F00C5EE18 /* Build configuration list for PBXNativeTarget "GolfDads" */;
			buildPhases = (
				334FF92B2ED5196D00C5EE18 /* Sources */,
				334FF92C2ED5196D00C5EE18 /* Frameworks */,
				334FF92D2ED5196D00C5EE18 /* Resources */,
			);
			buildRules = (
			);
			dependencies = (
			);
			fileSystemSynchronizedGroups = (
				334FF9312ED5196D00C5EE18 /* GolfDads */,
			);
			name = GolfDads;
			packageProductDependencies = (
				335BE6E12ED51D8E009F0F2F /* GoogleSignIn */,
				335BE6E32ED51D8E009F0F2F /* GoogleSignInSwift */,
				335BE6E62ED51DC7009F0F2F /* KeychainAccess */,
				33B6798A2EEEFDE5006A5126 /* FirebaseMessaging */,
			);
			productName = GolfDads;
			productReference = 334FF92F2ED5196D00C5EE18 /* GolfDads.app */;
			productType = "com.apple.product-type.application";
		};
		334FF93B2ED5196F00C5EE18 /* GolfDadsTests */ = {
			isa = PBXNativeTarget;
			buildConfigurationList = 334FF9532ED5196F00C5EE18 /* Build configuration list for PBXNativeTarget "GolfDadsTests" */;
			buildPhases = (
				334FF9382ED5196F00C5EE18 /* Sources */,
				334FF9392ED5196F00C5EE18 /* Frameworks */,
				334FF93A2ED5196F00C5EE18 /* Resources */,
			);
			buildRules = (
			);
			dependencies = (
				334FF93E2ED5196F00C5EE18 /* PBXTargetDependency */,
			);
			fileSystemSynchronizedGroups = (
				334FF93F2ED5196F00C5EE18 /* GolfDadsTests */,
			);
			name = GolfDadsTests;
			packageProductDependencies = (
				335BE6EC2ED51E73009F0F2F /* InlineSnapshotTesting */,
				335BE6EE2ED51E73009F0F2F /* SnapshotTesting */,
				335BE6F02ED51E73009F0F2F /* SnapshotTestingCustomDump */,
				335BE6F72ED53ACB009F0F2F /* ViewInspector */,
			);
			productName = GolfDadsTests;
			productReference = 334FF93C2ED5196F00C5EE18 /* GolfDadsTests.xctest */;
			productType = "com.apple.product-type.bundle.unit-test";
		};
		334FF9452ED5196F00C5EE18 /* GolfDadsUITests */ = {
			isa = PBXNativeTarget;
			buildConfigurationList = 334FF9562ED5196F00C5EE18 /* Build configuration list for PBXNativeTarget "GolfDadsUITests" */;
			buildPhases = (
				334FF9422ED5196F00C5EE18 /* Sources */,
				334FF9432ED5196F00C5EE18 /* Frameworks */,
				334FF9442ED5196F00C5EE18 /* Resources */,
			);
			buildRules = (
			);
			dependencies = (
				334FF9482ED5196F00C5EE18 /* PBXTargetDependency */,
			);
			fileSystemSynchronizedGroups = (
				334FF9492ED5196F00C5EE18 /* GolfDadsUITests */,
			);
			name = GolfDadsUITests;
			packageProductDependencies = (
			);
			productName = GolfDadsUITests;
			productReference = 334FF9462ED5196F00C5EE18 /* GolfDadsUITests.xctest */;
			productType = "com.apple.product-type.bundle.ui-testing";
		};
/* End PBXNativeTarget section */

/* Begin PBXProject section */
		334FF9272ED5196D00C5EE18 /* Project object */ = {
			isa = PBXProject;
			attributes = {
				BuildIndependentTargetsInParallel = 1;
				LastSwiftUpdateCheck = 2610;
				LastUpgradeCheck = 2610;
				TargetAttributes = {
					334FF92E2ED5196D00C5EE18 = {
						CreatedOnToolsVersion = 26.1.1;
					};
					334FF93B2ED5196F00C5EE18 = {
						CreatedOnToolsVersion = 26.1.1;
						TestTargetID = 334FF92E2ED5196D00C5EE18;
					};
					334FF9452ED5196F00C5EE18 = {
						CreatedOnToolsVersion = 26.1.1;
						TestTargetID = 334FF92E2ED5196D00C5EE18;
					};
				};
			};
			buildConfigurationList = 334FF92A2ED5196D00C5EE18 /* Build configuration list for PBXProject "GolfDads" */;
			developmentRegion = en;
			hasScannedForEncodings = 0;
			knownRegions = (
				en,
				Base,
			);
			mainGroup = 334FF9262ED5196D00C5EE18;
			minimizedProjectReferenceProxies = 1;
			packageReferences = (
				335BE6E02ED51D8E009F0F2F /* XCRemoteSwiftPackageReference "GoogleSignIn-iOS" */,
				335BE6E52ED51DC7009F0F2F /* XCRemoteSwiftPackageReference "KeychainAccess" */,
				335BE6EB2ED51E73009F0F2F /* XCRemoteSwiftPackageReference "swift-snapshot-testing" */,
				335BE6F62ED53ACB009F0F2F /* XCRemoteSwiftPackageReference "ViewInspector" */,
				33B679892EEEFDE5006A5126 /* XCRemoteSwiftPackageReference "firebase-ios-sdk" */,
			);
			preferredProjectObjectVersion = 77;
			productRefGroup = 334FF9302ED5196D00C5EE18 /* Products */;
			projectDirPath = "";
			projectRoot = "";
			targets = (
				334FF92E2ED5196D00C5EE18 /* GolfDads */,
				334FF93B2ED5196F00C5EE18 /* GolfDadsTests */,
				334FF9452ED5196F00C5EE18 /* GolfDadsUITests */,
			);
		};
/* End PBXProject section */

/* Begin PBXResourcesBuildPhase section */
		334FF92D2ED5196D00C5EE18 /* Resources */ = {
			isa = PBXResourcesBuildPhase;
			buildActionMask = 2147483647;
			files = (
			);
			runOnlyForDeploymentPostprocessing = 0;
		};
		334FF93A2ED5196F00C5EE18 /* Resources */ = {
			isa = PBXResourcesBuildPhase;
			buildActionMask = 2147483647;
			files = (
			);
			runOnlyForDeploymentPostprocessing = 0;
		};
		334FF9442ED5196F00C5EE18 /* Resources */ = {
			isa = PBXResourcesBuildPhase;
			buildActionMask = 2147483647;
			files = (
			);
			runOnlyForDeploymentPostprocessing = 0;
		};
/* End PBXResourcesBuildPhase section */

/* Begin PBXSourcesBuildPhase section */
		334FF92B2ED5196D00C5EE18 /* Sources */ = {
			isa = PBXSourcesBuildPhase;
			buildActionMask = 2147483647;
			files = (
			);
			runOnlyForDeploymentPostprocessing = 0;
		};
		334FF9382ED5196F00C5EE18 /* Sources */ = {
			isa = PBXSourcesBuildPhase;
			buildActionMask = 2147483647;
			files = (
			);
			runOnlyForDeploymentPostprocessing = 0;
		};
		334FF9422ED5196F00C5EE18 /* Sources */ = {
			isa = PBXSourcesBuildPhase;
			buildActionMask = 2147483647;
			files = (
			);
			runOnlyForDeploymentPostprocessing = 0;
		};
/* End PBXSourcesBuildPhase section */

/* Begin PBXTargetDependency section */
		334FF93E2ED5196F00C5EE18 /* PBXTargetDependency */ = {
			isa = PBXTargetDependency;
			target = 334FF92E2ED5196D00C5EE18 /* GolfDads */;
			targetProxy = 334FF93D2ED5196F00C5EE18 /* PBXContainerItemProxy */;
		};
		334FF9482ED5196F00C5EE18 /* PBXTargetDependency */ = {
			isa = PBXTargetDependency;
			target = 334FF92E2ED5196D00C5EE18 /* GolfDads */;
			targetProxy = 334FF9472ED5196F00C5EE18 /* PBXContainerItemProxy */;
		};
/* End PBXTargetDependency section */

/* Begin XCBuildConfiguration section */
		334FF94E2ED5196F00C5EE18 /* Debug */ = {
			isa = XCBuildConfiguration;
			buildSettings = {
				ALWAYS_SEARCH_USER_PATHS = NO;
				ASSETCATALOG_COMPILER_GENERATE_SWIFT_ASSET_SYMBOL_EXTENSIONS = YES;
				CLANG_ANALYZER_NONNULL = YES;
				CLANG_ANALYZER_NUMBER_OBJECT_CONVERSION = YES_AGGRESSIVE;
				CLANG_CXX_LANGUAGE_STANDARD = "gnu++20";
				CLANG_ENABLE_MODULES = YES;
				CLANG_ENABLE_OBJC_ARC = YES;
				CLANG_ENABLE_OBJC_WEAK = YES;
				CLANG_WARN_BLOCK_CAPTURE_AUTORELEASING = YES;
				CLANG_WARN_BOOL_CONVERSION = YES;
				CLANG_WARN_COMMA = YES;
				CLANG_WARN_CONSTANT_CONVERSION = YES;
				CLANG_WARN_DEPRECATED_OBJC_IMPLEMENTATIONS = YES;
				CLANG_WARN_DIRECT_OBJC_ISA_USAGE = YES_ERROR;
				CLANG_WARN_DOCUMENTATION_COMMENTS = YES;
				CLANG_WARN_EMPTY_BODY = YES;
				CLANG_WARN_ENUM_CONVERSION = YES;
				CLANG_WARN_INFINITE_RECURSION = YES;
				CLANG_WARN_INT_CONVERSION = YES;
				CLANG_WARN_NON_LITERAL_NULL_CONVERSION = YES;
				CLANG_WARN_OBJC_IMPLICIT_RETAIN_SELF = YES;
				CLANG_WARN_OBJC_LITERAL_CONVERSION = YES;
				CLANG_WARN_OBJC_ROOT_CLASS = YES_ERROR;
				CLANG_WARN_QUOTED_INCLUDE_IN_FRAMEWORK_HEADER = YES;
				CLANG_WARN_RANGE_LOOP_ANALYSIS = YES;
				CLANG_WARN_STRICT_PROTOTYPES = YES;
				CLANG_WARN_SUSPICIOUS_MOVE = YES;
				CLANG_WARN_UNGUARDED_AVAILABILITY = YES_AGGRESSIVE;
				CLANG_WARN_UNREACHABLE_CODE = YES;
				CLANG_WARN__DUPLICATE_METHOD_MATCH = YES;
				COPY_PHASE_STRIP = NO;
				DEBUG_INFORMATION_FORMAT = dwarf;
				DEVELOPMENT_TEAM = 4XQSAD3UT9;
				ENABLE_STRICT_OBJC_MSGSEND = YES;
				ENABLE_TESTABILITY = YES;
				ENABLE_USER_SCRIPT_SANDBOXING = YES;
				GCC_C_LANGUAGE_STANDARD = gnu17;
				GCC_DYNAMIC_NO_PIC = NO;
				GCC_NO_COMMON_BLOCKS = YES;
				GCC_OPTIMIZATION_LEVEL = 0;
				GCC_PREPROCESSOR_DEFINITIONS = (
					"DEBUG=1",
					"$(inherited)",
				);
				GCC_WARN_64_TO_32_BIT_CONVERSION = YES;
				GCC_WARN_ABOUT_RETURN_TYPE = YES_ERROR;
				GCC_WARN_UNDECLARED_SELECTOR = YES;
				GCC_WARN_UNINITIALIZED_AUTOS = YES_AGGRESSIVE;
				GCC_WARN_UNUSED_FUNCTION = YES;
				GCC_WARN_UNUSED_VARIABLE = YES;
				IPHONEOS_DEPLOYMENT_TARGET = 18.2;
				LOCALIZATION_PREFERS_STRING_CATALOGS = YES;
				MTL_ENABLE_DEBUG_INFO = INCLUDE_SOURCE;
				MTL_FAST_MATH = YES;
				ONLY_ACTIVE_ARCH = YES;
				SDKROOT = iphoneos;
				SWIFT_ACTIVE_COMPILATION_CONDITIONS = "DEBUG $(inherited)";
				SWIFT_OPTIMIZATION_LEVEL = "-Onone";
			};
			name = Debug;
		};
		334FF94F2ED5196F00C5EE18 /* Release */ = {
			isa = XCBuildConfiguration;
			buildSettings = {
				ALWAYS_SEARCH_USER_PATHS = NO;
				ASSETCATALOG_COMPILER_GENERATE_SWIFT_ASSET_SYMBOL_EXTENSIONS = YES;
				CLANG_ANALYZER_NONNULL = YES;
				CLANG_ANALYZER_NUMBER_OBJECT_CONVERSION = YES_AGGRESSIVE;
				CLANG_CXX_LANGUAGE_STANDARD = "gnu++20";
				CLANG_ENABLE_MODULES = YES;
				CLANG_ENABLE_OBJC_ARC = YES;
				CLANG_ENABLE_OBJC_WEAK = YES;
				CLANG_WARN_BLOCK_CAPTURE_AUTORELEASING = YES;
				CLANG_WARN_BOOL_CONVERSION = YES;
				CLANG_WARN_COMMA = YES;
				CLANG_WARN_CONSTANT_CONVERSION = YES;
				CLANG_WARN_DEPRECATED_OBJC_IMPLEMENTATIONS = YES;
				CLANG_WARN_DIRECT_OBJC_ISA_USAGE = YES_ERROR;
				CLANG_WARN_DOCUMENTATION_COMMENTS = YES;
				CLANG_WARN_EMPTY_BODY = YES;
				CLANG_WARN_ENUM_CONVERSION = YES;
				CLANG_WARN_INFINITE_RECURSION = YES;
				CLANG_WARN_INT_CONVERSION = YES;
				CLANG_WARN_NON_LITERAL_NULL_CONVERSION = YES;
				CLANG_WARN_OBJC_IMPLICIT_RETAIN_SELF = YES;
				CLANG_WARN_OBJC_LITERAL_CONVERSION = YES;
				CLANG_WARN_OBJC_ROOT_CLASS = YES_ERROR;
				CLANG_WARN_QUOTED_INCLUDE_IN_FRAMEWORK_HEADER = YES;
				CLANG_WARN_RANGE_LOOP_ANALYSIS = YES;
				CLANG_WARN_STRICT_PROTOTYPES = YES;
				CLANG_WARN_SUSPICIOUS_MOVE = YES;
				CLANG_WARN_UNGUARDED_AVAILABILITY = YES_AGGRESSIVE;
				CLANG_WARN_UNREACHABLE_CODE = YES;
				CLANG_WARN__DUPLICATE_METHOD_MATCH = YES;
				COPY_PHASE_STRIP = NO;
				DEBUG_INFORMATION_FORMAT = "dwarf-with-dsym";
				DEVELOPMENT_TEAM = 4XQSAD3UT9;
				ENABLE_NS_ASSERTIONS = NO;
				ENABLE_STRICT_OBJC_MSGSEND = YES;
				ENABLE_USER_SCRIPT_SANDBOXING = YES;
				GCC_C_LANGUAGE_STANDARD = gnu17;
				GCC_NO_COMMON_BLOCKS = YES;
				GCC_WARN_64_TO_32_BIT_CONVERSION = YES;
				GCC_WARN_ABOUT_RETURN_TYPE = YES_ERROR;
				GCC_WARN_UNDECLARED_SELECTOR = YES;
				GCC_WARN_UNINITIALIZED_AUTOS = YES_AGGRESSIVE;
				GCC_WARN_UNUSED_FUNCTION = YES;
				GCC_WARN_UNUSED_VARIABLE = YES;
				IPHONEOS_DEPLOYMENT_TARGET = 18.2;
				LOCALIZATION_PREFERS_STRING_CATALOGS = YES;
				MTL_ENABLE_DEBUG_INFO = NO;
				MTL_FAST_MATH = YES;
				SDKROOT = iphoneos;
				SWIFT_COMPILATION_MODE = wholemodule;
				VALIDATE_PRODUCT = YES;
			};
			name = Release;
		};
		334FF9512ED5196F00C5EE18 /* Debug */ = {
			isa = XCBuildConfiguration;
			buildSettings = {
				ASSETCATALOG_COMPILER_APPICON_NAME = AppIcon;
				ASSETCATALOG_COMPILER_GLOBAL_ACCENT_COLOR_NAME = AccentColor;
				CODE_SIGN_ENTITLEMENTS = GolfDads/GolfDads.entitlements;
				CODE_SIGN_IDENTITY = "Apple Development";
				CODE_SIGN_STYLE = Automatic;
				CURRENT_PROJECT_VERSION = 6;
				DEVELOPMENT_TEAM = 2F4PGNV9HX;
				ENABLE_PREVIEWS = YES;
				GENERATE_INFOPLIST_FILE = YES;
				INFOPLIST_FILE = GolfDads/Info.plist;
				INFOPLIST_KEY_CFBundleDisplayName = ThreePutt;
				INFOPLIST_KEY_LSApplicationCategoryType = "public.app-category.sports";
				INFOPLIST_KEY_NSLocationWhenInUseUsageDescription = "Three Putt needs your location to show nearby tee times and golf courses in your area.";
				INFOPLIST_KEY_UIApplicationSceneManifest_Generation = YES;
				INFOPLIST_KEY_UIApplicationSupportsIndirectInputEvents = YES;
				INFOPLIST_KEY_UILaunchScreen_Generation = YES;
				INFOPLIST_KEY_UISupportedInterfaceOrientations = UIInterfaceOrientationPortrait;
				INFOPLIST_KEY_UISupportedInterfaceOrientations_iPad = "UIInterfaceOrientationLandscapeLeft UIInterfaceOrientationLandscapeRight UIInterfaceOrientationPortrait UIInterfaceOrientationPortraitUpsideDown";
				IPHONEOS_DEPLOYMENT_TARGET = 18.2;
				LD_RUNPATH_SEARCH_PATHS = (
					"$(inherited)",
					"@executable_path/Frameworks",
				);
				MARKETING_VERSION = 1.2;
				PRODUCT_BUNDLE_IDENTIFIER = com.threeputt.app;
				PRODUCT_NAME = "$(TARGET_NAME)";
				PROVISIONING_PROFILE_SPECIFIER = "";
				STRING_CATALOG_GENERATE_SYMBOLS = YES;
				SWIFT_APPROACHABLE_CONCURRENCY = YES;
				SWIFT_DEFAULT_ACTOR_ISOLATION = MainActor;
				SWIFT_EMIT_LOC_STRINGS = YES;
				SWIFT_UPCOMING_FEATURE_MEMBER_IMPORT_VISIBILITY = YES;
				SWIFT_VERSION = 5.0;
				TARGETED_DEVICE_FAMILY = "1,2";
			};
			name = Debug;
		};
		334FF9522ED5196F00C5EE18 /* Release */ = {
			isa = XCBuildConfiguration;
			buildSettings = {
				ASSETCATALOG_COMPILER_APPICON_NAME = AppIcon;
				ASSETCATALOG_COMPILER_GLOBAL_ACCENT_COLOR_NAME = AccentColor;
				CODE_SIGN_ENTITLEMENTS = GolfDads/GolfDads.entitlements;
				CODE_SIGN_IDENTITY = "Apple Development";
				CODE_SIGN_STYLE = Automatic;
				CURRENT_PROJECT_VERSION = 6;
				DEVELOPMENT_TEAM = 2F4PGNV9HX;
				ENABLE_PREVIEWS = YES;
				GENERATE_INFOPLIST_FILE = YES;
				INFOPLIST_FILE = GolfDads/Info.plist;
				INFOPLIST_KEY_CFBundleDisplayName = ThreePutt;
				INFOPLIST_KEY_LSApplicationCategoryType = "public.app-category.sports";
				INFOPLIST_KEY_NSLocationWhenInUseUsageDescription = "Three Putt needs your location to show nearby tee times and golf courses in your area.";
				INFOPLIST_KEY_UIApplicationSceneManifest_Generation = YES;
				INFOPLIST_KEY_UIApplicationSupportsIndirectInputEvents = YES;
				INFOPLIST_KEY_UILaunchScreen_Generation = YES;
				INFOPLIST_KEY_UISupportedInterfaceOrientations = UIInterfaceOrientationPortrait;
				INFOPLIST_KEY_UISupportedInterfaceOrientations_iPad = "UIInterfaceOrientationLandscapeLeft UIInterfaceOrientationLandscapeRight UIInterfaceOrientationPortrait UIInterfaceOrientationPortraitUpsideDown";
				IPHONEOS_DEPLOYMENT_TARGET = 18.2;
				LD_RUNPATH_SEARCH_PATHS = (
					"$(inherited)",
					"@executable_path/Frameworks",
				);
				MARKETING_VERSION = 1.2;
				PRODUCT_BUNDLE_IDENTIFIER = com.threeputt.app;
				PRODUCT_NAME = "$(TARGET_NAME)";
				PROVISIONING_PROFILE_SPECIFIER = "";
				STRING_CATALOG_GENERATE_SYMBOLS = YES;
				SWIFT_APPROACHABLE_CONCURRENCY = YES;
				SWIFT_DEFAULT_ACTOR_ISOLATION = MainActor;
				SWIFT_EMIT_LOC_STRINGS = YES;
				SWIFT_UPCOMING_FEATURE_MEMBER_IMPORT_VISIBILITY = YES;
				SWIFT_VERSION = 5.0;
				TARGETED_DEVICE_FAMILY = "1,2";
			};
			name = Release;
		};
		334FF9542ED5196F00C5EE18 /* Debug */ = {
			isa = XCBuildConfiguration;
			buildSettings = {
				BUNDLE_LOADER = "$(TEST_HOST)";
				CODE_SIGN_STYLE = Automatic;
				CURRENT_PROJECT_VERSION = 6;
				DEVELOPMENT_TEAM = 4XQSAD3UT9;
				GENERATE_INFOPLIST_FILE = YES;
				IPHONEOS_DEPLOYMENT_TARGET = 18.2;
				MARKETING_VERSION = 1.0;
				PRODUCT_BUNDLE_IDENTIFIER = com.golfdads.GolfDadsTests;
				PRODUCT_NAME = "$(TARGET_NAME)";
				STRING_CATALOG_GENERATE_SYMBOLS = NO;
				SWIFT_APPROACHABLE_CONCURRENCY = YES;
				SWIFT_EMIT_LOC_STRINGS = NO;
				SWIFT_UPCOMING_FEATURE_MEMBER_IMPORT_VISIBILITY = YES;
				SWIFT_VERSION = 5.0;
				TARGETED_DEVICE_FAMILY = "1,2";
				TEST_HOST = "$(BUILT_PRODUCTS_DIR)/GolfDads.app/$(BUNDLE_EXECUTABLE_FOLDER_PATH)/GolfDads";
			};
			name = Debug;
		};
		334FF9552ED5196F00C5EE18 /* Release */ = {
			isa = XCBuildConfiguration;
			buildSettings = {
				BUNDLE_LOADER = "$(TEST_HOST)";
				CODE_SIGN_STYLE = Automatic;
				CURRENT_PROJECT_VERSION = 6;
				DEVELOPMENT_TEAM = 4XQSAD3UT9;
				GENERATE_INFOPLIST_FILE = YES;
				IPHONEOS_DEPLOYMENT_TARGET = 18.2;
				MARKETING_VERSION = 1.0;
				PRODUCT_BUNDLE_IDENTIFIER = com.golfdads.GolfDadsTests;
				PRODUCT_NAME = "$(TARGET_NAME)";
				STRING_CATALOG_GENERATE_SYMBOLS = NO;
				SWIFT_APPROACHABLE_CONCURRENCY = YES;
				SWIFT_EMIT_LOC_STRINGS = NO;
				SWIFT_UPCOMING_FEATURE_MEMBER_IMPORT_VISIBILITY = YES;
				SWIFT_VERSION = 5.0;
				TARGETED_DEVICE_FAMILY = "1,2";
				TEST_HOST = "$(BUILT_PRODUCTS_DIR)/GolfDads.app/$(BUNDLE_EXECUTABLE_FOLDER_PATH)/GolfDads";
			};
			name = Release;
		};
		334FF9572ED5196F00C5EE18 /* Debug */ = {
			isa = XCBuildConfiguration;
			buildSettings = {
				CODE_SIGN_STYLE = Automatic;
				CURRENT_PROJECT_VERSION = 6;
				DEVELOPMENT_TEAM = 4XQSAD3UT9;
				GENERATE_INFOPLIST_FILE = YES;
				MARKETING_VERSION = 1.0;
				PRODUCT_BUNDLE_IDENTIFIER = com.golfdads.GolfDadsUITests;
				PRODUCT_NAME = "$(TARGET_NAME)";
				STRING_CATALOG_GENERATE_SYMBOLS = NO;
				SWIFT_APPROACHABLE_CONCURRENCY = YES;
				SWIFT_EMIT_LOC_STRINGS = NO;
				SWIFT_UPCOMING_FEATURE_MEMBER_IMPORT_VISIBILITY = YES;
				SWIFT_VERSION = 5.0;
				TARGETED_DEVICE_FAMILY = "1,2";
				TEST_TARGET_NAME = GolfDads;
			};
			name = Debug;
		};
		334FF9582ED5196F00C5EE18 /* Release */ = {
			isa = XCBuildConfiguration;
			buildSettings = {
				CODE_SIGN_STYLE = Automatic;
				CURRENT_PROJECT_VERSION = 6;
				DEVELOPMENT_TEAM = 4XQSAD3UT9;
				GENERATE_INFOPLIST_FILE = YES;
				MARKETING_VERSION = 1.0;
				PRODUCT_BUNDLE_IDENTIFIER = com.golfdads.GolfDadsUITests;
				PRODUCT_NAME = "$(TARGET_NAME)";
				STRING_CATALOG_GENERATE_SYMBOLS = NO;
				SWIFT_APPROACHABLE_CONCURRENCY = YES;
				SWIFT_EMIT_LOC_STRINGS = NO;
				SWIFT_UPCOMING_FEATURE_MEMBER_IMPORT_VISIBILITY = YES;
				SWIFT_VERSION = 5.0;
				TARGETED_DEVICE_FAMILY = "1,2";
				TEST_TARGET_NAME = GolfDads;
			};
			name = Release;
		};
/* End XCBuildConfiguration section */

/* Begin XCConfigurationList section */
		334FF92A2ED5196D00C5EE18 /* Build configuration list for PBXProject "GolfDads" */ = {
			isa = XCConfigurationList;
			buildConfigurations = (
				334FF94E2ED5196F00C5EE18 /* Debug */,
				334FF94F2ED5196F00C5EE18 /* Release */,
			);
			defaultConfigurationIsVisible = 0;
			defaultConfigurationName = Release;
		};
		334FF9502ED5196F00C5EE18 /* Build configuration list for PBXNativeTarget "GolfDads" */ = {
			isa = XCConfigurationList;
			buildConfigurations = (
				334FF9512ED5196F00C5EE18 /* Debug */,
				334FF9522ED5196F00C5EE18 /* Release */,
			);
			defaultConfigurationIsVisible = 0;
			defaultConfigurationName = Release;
		};
		334FF9532ED5196F00C5EE18 /* Build configuration list for PBXNativeTarget "GolfDadsTests" */ = {
			isa = XCConfigurationList;
			buildConfigurations = (
				334FF9542ED5196F00C5EE18 /* Debug */,
				334FF9552ED5196F00C5EE18 /* Release */,
			);
			defaultConfigurationIsVisible = 0;
			defaultConfigurationName = Release;
		};
		334FF9562ED5196F00C5EE18 /* Build configuration list for PBXNativeTarget "GolfDadsUITests" */ = {
			isa = XCConfigurationList;
			buildConfigurations = (
				334FF9572ED5196F00C5EE18 /* Debug */,
				334FF9582ED5196F00C5EE18 /* Release */,
			);
			defaultConfigurationIsVisible = 0;
			defaultConfigurationName = Release;
		};
/* End XCConfigurationList section */

/* Begin XCRemoteSwiftPackageReference section */
		335BE6E02ED51D8E009F0F2F /* XCRemoteSwiftPackageReference "GoogleSignIn-iOS" */ = {
			isa = XCRemoteSwiftPackageReference;
			repositoryURL = "https://github.com/google/GoogleSignIn-iOS";
			requirement = {
				kind = upToNextMajorVersion;
				minimumVersion = 8.0.0;
			};
		};
		335BE6E52ED51DC7009F0F2F /* XCRemoteSwiftPackageReference "KeychainAccess" */ = {
			isa = XCRemoteSwiftPackageReference;
			repositoryURL = "https://github.com/kishikawakatsumi/KeychainAccess";
			requirement = {
				kind = upToNextMajorVersion;
				minimumVersion = 4.2.2;
			};
		};
		335BE6EB2ED51E73009F0F2F /* XCRemoteSwiftPackageReference "swift-snapshot-testing" */ = {
			isa = XCRemoteSwiftPackageReference;
			repositoryURL = "https://github.com/pointfreeco/swift-snapshot-testing";
			requirement = {
				kind = upToNextMajorVersion;
				minimumVersion = 1.17.0;
			};
		};
		335BE6F62ED53ACB009F0F2F /* XCRemoteSwiftPackageReference "ViewInspector" */ = {
			isa = XCRemoteSwiftPackageReference;
			repositoryURL = "https://github.com/nalexn/ViewInspector";
			requirement = {
				kind = upToNextMajorVersion;
				minimumVersion = 0.10.3;
			};
		};
		33B679892EEEFDE5006A5126 /* XCRemoteSwiftPackageReference "firebase-ios-sdk" */ = {
			isa = XCRemoteSwiftPackageReference;
			repositoryURL = "https://github.com/firebase/firebase-ios-sdk";
			requirement = {
				kind = upToNextMajorVersion;
				minimumVersion = 12.7.0;
			};
		};
/* End XCRemoteSwiftPackageReference section */

/* Begin XCSwiftPackageProductDependency section */
		335BE6E12ED51D8E009F0F2F /* GoogleSignIn */ = {
			isa = XCSwiftPackageProductDependency;
			package = 335BE6E02ED51D8E009F0F2F /* XCRemoteSwiftPackageReference "GoogleSignIn-iOS" */;
			productName = GoogleSignIn;
		};
		335BE6E32ED51D8E009F0F2F /* GoogleSignInSwift */ = {
			isa = XCSwiftPackageProductDependency;
			package = 335BE6E02ED51D8E009F0F2F /* XCRemoteSwiftPackageReference "GoogleSignIn-iOS" */;
			productName = GoogleSignInSwift;
		};
		335BE6E62ED51DC7009F0F2F /* KeychainAccess */ = {
			isa = XCSwiftPackageProductDependency;
			package = 335BE6E52ED51DC7009F0F2F /* XCRemoteSwiftPackageReference "KeychainAccess" */;
			productName = KeychainAccess;
		};
		335BE6EC2ED51E73009F0F2F /* InlineSnapshotTesting */ = {
			isa = XCSwiftPackageProductDependency;
			package = 335BE6EB2ED51E73009F0F2F /* XCRemoteSwiftPackageReference "swift-snapshot-testing" */;
			productName = InlineSnapshotTesting;
		};
		335BE6EE2ED51E73009F0F2F /* SnapshotTesting */ = {
			isa = XCSwiftPackageProductDependency;
			package = 335BE6EB2ED51E73009F0F2F /* XCRemoteSwiftPackageReference "swift-snapshot-testing" */;
			productName = SnapshotTesting;
		};
		335BE6F02ED51E73009F0F2F /* SnapshotTestingCustomDump */ = {
			isa = XCSwiftPackageProductDependency;
			package = 335BE6EB2ED51E73009F0F2F /* XCRemoteSwiftPackageReference "swift-snapshot-testing" */;
			productName = SnapshotTestingCustomDump;
		};
		335BE6F72ED53ACB009F0F2F /* ViewInspector */ = {
			isa = XCSwiftPackageProductDependency;
			package = 335BE6F62ED53ACB009F0F2F /* XCRemoteSwiftPackageReference "ViewInspector" */;
			productName = ViewInspector;
		};
		33B6798A2EEEFDE5006A5126 /* FirebaseMessaging */ = {
			isa = XCSwiftPackageProductDependency;
			package = 33B679892EEEFDE5006A5126 /* XCRemoteSwiftPackageReference "firebase-ios-sdk" */;
			productName = FirebaseMessaging;
		};
/* End XCSwiftPackageProductDependency section */
	};
	rootObject = 334FF9272ED5196D00C5EE18 /* Project object */;
}
